PODS:
  - Flutter (1.0.0)
  - flutter_radio_player (0.0.1):
    - Flutter
    - SwiftAudioEx
  - SwiftAudioEx (0.14.7)

DEPENDENCIES:
  - Flutter (from `Flutter`)
  - flutter_radio_player (from `.symlinks/plugins/flutter_radio_player/ios`)

SPEC REPOS:
  trunk:
    - SwiftAudioEx

EXTERNAL SOURCES:
  Flutter:
    :path: Flutter
  flutter_radio_player:
    :path: ".symlinks/plugins/flutter_radio_player/ios"

SPEC CHECKSUMS:
  Flutter: 50d75fe2f02b26cc09d224853bb45737f8b3214a
  flutter_radio_player: 1ef266ab949eba8d0b29b9d75761cc2faf912004
  SwiftAudioEx: 3a4024e48f3b3e45dac6bf2668d7adbe7b83f50e

PODFILE CHECKSUM: aafe91acc616949ddb318b77800a7f51bffa2a4c

COCOAPODS: 1.11.2
