PODS:
  - Flutter (1.0.0)
  - flutter_radio_player_ios (4.0.0):
    - Flutter
  - integration_test (0.0.1):
    - Flutter

DEPENDENCIES:
  - Flutter (from `Flutter`)
  - flutter_radio_player_ios (from `.symlinks/plugins/flutter_radio_player_ios/ios`)
  - integration_test (from `.symlinks/plugins/integration_test/ios`)

EXTERNAL SOURCES:
  Flutter:
    :path: Flutter
  flutter_radio_player_ios:
    :path: ".symlinks/plugins/flutter_radio_player_ios/ios"
  integration_test:
    :path: ".symlinks/plugins/integration_test/ios"

SPEC CHECKSUMS:
  Flutter: cabc95a1d2626b1b06e7179b784ebcf0c0cde467
  flutter_radio_player_ios: 1adff5797c9c49896c5946d439b757cae7c507e2
  integration_test: 4a889634ef21a45d28d50d622cf412dc6d9f586e

PODFILE CHECKSUM: ec8b70a489dd1f81e53ef185cf7ad30fce8f8d00

COCOAPODS: 1.16.2
