PODS:
  - Flutter (1.0.0)
  - flutter_radio_player (0.0.1):
    - Flutter

DEPENDENCIES:
  - Flutter (from `Flutter`)
  - flutter_radio_player (from `.symlinks/plugins/flutter_radio_player/ios`)

EXTERNAL SOURCES:
  Flutter:
    :path: Flutter
  flutter_radio_player:
    :path: ".symlinks/plugins/flutter_radio_player/ios"

SPEC CHECKSUMS:
  Flutter: 0e3d915762c693b495b44d77113d4970485de6ec
  flutter_radio_player: 36b1e6d075fdf47b0aae3b2e8a5db3327bef88b3

PODFILE CHECKSUM: 1b66dae606f75376c5f2135a8290850eeb09ae83

COCOAPODS: 1.8.4
